// !$*UTF8*$!
{
	archiveVersion = 1;
	classes = {
	};
	objectVersion = 46;
	objects = {

/* Begin PBXBuildFile section */
		79C55A619D6768BB869EE101 /* Pods_Roam.framework in Frameworks */ = {isa = PBXBuildFile; fileRef = 0483571199241373B49CCFBA /* Pods_Roam.framework */; };
		D78FC30F1E9A201900D5EF2B /* RootViewController.m in Sources */ = {isa = PBXBuildFile; fileRef = D78FC30E1E9A201900D5EF2B /* RootViewController.m */; };
		D78FC3131E9A776600D5EF2B /* WHScreen.m in Sources */ = {isa = PBXBuildFile; fileRef = D78FC3121E9A776600D5EF2B /* WHScreen.m */; };
		D78FC3171E9C825300D5EF2B /* NavigationController.m in Sources */ = {isa = PBXBuildFile; fileRef = D78FC3161E9C825300D5EF2B /* NavigationController.m */; };
		D78FC3231E9E0EA000D5EF2B /* SettingsViewController.m in Sources */ = {isa = PBXBuildFile; fileRef = D78FC3211E9E0EA000D5EF2B /* SettingsViewController.m */; };
		D78FC3281E9E26D600D5EF2B /* NightModeView.m in Sources */ = {isa = PBXBuildFile; fileRef = D78FC3271E9E26D600D5EF2B /* NightModeView.m */; };
		D7CA2AB51E690A44003B138C /* main.m in Sources */ = {isa = PBXBuildFile; fileRef = D7CA2AB41E690A44003B138C /* main.m */; };
		D7CA2AB81E690A44003B138C /* AppDelegate.m in Sources */ = {isa = PBXBuildFile; fileRef = D7CA2AB71E690A44003B138C /* AppDelegate.m */; };
		D7CA2ABB1E690A44003B138C /* WebViewController.m in Sources */ = {isa = PBXBuildFile; fileRef = D7CA2ABA1E690A44003B138C /* WebViewController.m */; };
		D7CA2ABE1E690A44003B138C /* Main.storyboard in Resources */ = {isa = PBXBuildFile; fileRef = D7CA2ABC1E690A44003B138C /* Main.storyboard */; };
		D7CA2AC01E690A44003B138C /* Assets.xcassets in Resources */ = {isa = PBXBuildFile; fileRef = D7CA2ABF1E690A44003B138C /* Assets.xcassets */; };
		D7CA2AC31E690A44003B138C /* LaunchScreen.storyboard in Resources */ = {isa = PBXBuildFile; fileRef = D7CA2AC11E690A44003B138C /* LaunchScreen.storyboard */; };
		D7CA2ACE1E690A44003B138C /* RoamTests.m in Sources */ = {isa = PBXBuildFile; fileRef = D7CA2ACD1E690A44003B138C /* RoamTests.m */; };
		D7CA2AD91E690A44003B138C /* RoamUITests.m in Sources */ = {isa = PBXBuildFile; fileRef = D7CA2AD81E690A44003B138C /* RoamUITests.m */; };
		D7F064EC1E7146BC0050B857 /* WHPopView.m in Sources */ = {isa = PBXBuildFile; fileRef = D7F064EB1E7146BC0050B857 /* WHPopView.m */; };
		D7F064F11E716F4D0050B857 /* ItemCell.m in Sources */ = {isa = PBXBuildFile; fileRef = D7F064EF1E716F4D0050B857 /* ItemCell.m */; };
		D7F064F21E716F4D0050B857 /* ItemCell.xib in Resources */ = {isa = PBXBuildFile; fileRef = D7F064F01E716F4D0050B857 /* ItemCell.xib */; };
		D7F0653B1E7792C90050B857 /* WHDialogViewController.m in Sources */ = {isa = PBXBuildFile; fileRef = D7F0653A1E7792C90050B857 /* WHDialogViewController.m */; };
		D7F065421E7A3C910050B857 /* CoreDataHelper.m in Sources */ = {isa = PBXBuildFile; fileRef = D7F065411E7A3C910050B857 /* CoreDataHelper.m */; };
		D7F065441E7A3CF20050B857 /* CoreData.framework in Frameworks */ = {isa = PBXBuildFile; fileRef = D7F065431E7A3CF20050B857 /* CoreData.framework */; };
		D7F065481E7A8C1E0050B857 /* Model.xcdatamodeld in Sources */ = {isa = PBXBuildFile; fileRef = D7F065451E7A82FC0050B857 /* Model.xcdatamodeld */; };
		D7F0654C1E7CD9110050B857 /* SegmentViewController.m in Sources */ = {isa = PBXBuildFile; fileRef = D7F0654B1E7CD9110050B857 /* SegmentViewController.m */; };
		D7F065531E8163030050B857 /* BookmarksViewController.m in Sources */ = {isa = PBXBuildFile; fileRef = D7F065521E8163030050B857 /* BookmarksViewController.m */; };
		D7F065571E8166C70050B857 /* BookmarkCell.m in Sources */ = {isa = PBXBuildFile; fileRef = D7F065561E8166C70050B857 /* BookmarkCell.m */; };
		D7F0655B1E83B64E0050B857 /* HistoryViewController.m in Sources */ = {isa = PBXBuildFile; fileRef = D7F0655A1E83B64E0050B857 /* HistoryViewController.m */; };
		D7F0655F1E971D6C0050B857 /* MultitaskViewController.m in Sources */ = {isa = PBXBuildFile; fileRef = D7F0655E1E971D6C0050B857 /* MultitaskViewController.m */; };
		D7F065631E971DB70050B857 /* LineLayout.m in Sources */ = {isa = PBXBuildFile; fileRef = D7F065621E971DB70050B857 /* LineLayout.m */; };
		D7F0656E1E9884150050B857 /* WebViewCell.m in Sources */ = {isa = PBXBuildFile; fileRef = D7F0656D1E9884150050B857 /* WebViewCell.m */; };
		D7F065721E9A11790050B857 /* WebViewManager.m in Sources */ = {isa = PBXBuildFile; fileRef = D7F065711E9A11790050B857 /* WebViewManager.m */; };
/* End PBXBuildFile section */

/* Begin PBXContainerItemProxy section */
		D7CA2ACA1E690A44003B138C /* PBXContainerItemProxy */ = {
			isa = PBXContainerItemProxy;
			containerPortal = D7CA2AA81E690A44003B138C /* Project object */;
			proxyType = 1;
			remoteGlobalIDString = D7CA2AAF1E690A44003B138C;
			remoteInfo = Roam;
		};
		D7CA2AD51E690A44003B138C /* PBXContainerItemProxy */ = {
			isa = PBXContainerItemProxy;
			containerPortal = D7CA2AA81E690A44003B138C /* Project object */;
			proxyType = 1;
			remoteGlobalIDString = D7CA2AAF1E690A44003B138C;
			remoteInfo = Roam;
		};
/* End PBXContainerItemProxy section */

/* Begin PBXFileReference section */
		0483571199241373B49CCFBA /* Pods_Roam.framework */ = {isa = PBXFileReference; explicitFileType = wrapper.framework; includeInIndex = 0; path = Pods_Roam.framework; sourceTree = BUILT_PRODUCTS_DIR; };
		82686AAB57F448526042A93C /* Pods-Roam.release.xcconfig */ = {isa = PBXFileReference; includeInIndex = 1; lastKnownFileType = text.xcconfig; name = "Pods-Roam.release.xcconfig"; path = "Pods/Target Support Files/Pods-Roam/Pods-Roam.release.xcconfig"; sourceTree = "<group>"; };
		8E548D499CDE5C0D2559F5FD /* Pods-Roam.debug.xcconfig */ = {isa = PBXFileReference; includeInIndex = 1; lastKnownFileType = text.xcconfig; name = "Pods-Roam.debug.xcconfig"; path = "Pods/Target Support Files/Pods-Roam/Pods-Roam.debug.xcconfig"; sourceTree = "<group>"; };
		D78FC30D1E9A201900D5EF2B /* RootViewController.h */ = {isa = PBXFileReference; fileEncoding = 4; lastKnownFileType = sourcecode.c.h; name = RootViewController.h; path = RootViewController/RootViewController.h; sourceTree = "<group>"; };
		D78FC30E1E9A201900D5EF2B /* RootViewController.m */ = {isa = PBXFileReference; fileEncoding = 4; lastKnownFileType = sourcecode.c.objc; name = RootViewController.m; path = RootViewController/RootViewController.m; sourceTree = "<group>"; };
		D78FC3111E9A776600D5EF2B /* WHScreen.h */ = {isa = PBXFileReference; fileEncoding = 4; lastKnownFileType = sourcecode.c.h; name = WHScreen.h; path = WHScreen/WHScreen.h; sourceTree = "<group>"; };
		D78FC3121E9A776600D5EF2B /* WHScreen.m */ = {isa = PBXFileReference; fileEncoding = 4; lastKnownFileType = sourcecode.c.objc; name = WHScreen.m; path = WHScreen/WHScreen.m; sourceTree = "<group>"; };
		D78FC3151E9C825300D5EF2B /* NavigationController.h */ = {isa = PBXFileReference; fileEncoding = 4; lastKnownFileType = sourcecode.c.h; name = NavigationController.h; path = NavigationController/NavigationController.h; sourceTree = "<group>"; };
		D78FC3161E9C825300D5EF2B /* NavigationController.m */ = {isa = PBXFileReference; fileEncoding = 4; lastKnownFileType = sourcecode.c.objc; name = NavigationController.m; path = NavigationController/NavigationController.m; sourceTree = "<group>"; };
		D78FC3201E9E0EA000D5EF2B /* SettingsViewController.h */ = {isa = PBXFileReference; fileEncoding = 4; lastKnownFileType = sourcecode.c.h; name = SettingsViewController.h; path = SettingsViewController/SettingsViewController.h; sourceTree = "<group>"; };
		D78FC3211E9E0EA000D5EF2B /* SettingsViewController.m */ = {isa = PBXFileReference; fileEncoding = 4; lastKnownFileType = sourcecode.c.objc; name = SettingsViewController.m; path = SettingsViewController/SettingsViewController.m; sourceTree = "<group>"; };
		D78FC3261E9E26D600D5EF2B /* NightModeView.h */ = {isa = PBXFileReference; fileEncoding = 4; lastKnownFileType = sourcecode.c.h; name = NightModeView.h; path = NightModeView/NightModeView.h; sourceTree = "<group>"; };
		D78FC3271E9E26D600D5EF2B /* NightModeView.m */ = {isa = PBXFileReference; fileEncoding = 4; lastKnownFileType = sourcecode.c.objc; name = NightModeView.m; path = NightModeView/NightModeView.m; sourceTree = "<group>"; };
		D7CA2AB01E690A44003B138C /* Roam.app */ = {isa = PBXFileReference; explicitFileType = wrapper.application; includeInIndex = 0; path = Roam.app; sourceTree = BUILT_PRODUCTS_DIR; };
		D7CA2AB41E690A44003B138C /* main.m */ = {isa = PBXFileReference; lastKnownFileType = sourcecode.c.objc; path = main.m; sourceTree = "<group>"; };
		D7CA2AB61E690A44003B138C /* AppDelegate.h */ = {isa = PBXFileReference; lastKnownFileType = sourcecode.c.h; path = AppDelegate.h; sourceTree = "<group>"; };
		D7CA2AB71E690A44003B138C /* AppDelegate.m */ = {isa = PBXFileReference; lastKnownFileType = sourcecode.c.objc; path = AppDelegate.m; sourceTree = "<group>"; };
		D7CA2AB91E690A44003B138C /* WebViewController.h */ = {isa = PBXFileReference; lastKnownFileType = sourcecode.c.h; path = WebViewController.h; sourceTree = "<group>"; };
		D7CA2ABA1E690A44003B138C /* WebViewController.m */ = {isa = PBXFileReference; lastKnownFileType = sourcecode.c.objc; path = WebViewController.m; sourceTree = "<group>"; };
		D7CA2ABD1E690A44003B138C /* Base */ = {isa = PBXFileReference; lastKnownFileType = file.storyboard; name = Base; path = Base.lproj/Main.storyboard; sourceTree = "<group>"; };
		D7CA2ABF1E690A44003B138C /* Assets.xcassets */ = {isa = PBXFileReference; lastKnownFileType = folder.assetcatalog; path = Assets.xcassets; sourceTree = "<group>"; };
		D7CA2AC21E690A44003B138C /* Base */ = {isa = PBXFileReference; lastKnownFileType = file.storyboard; name = Base; path = Base.lproj/LaunchScreen.storyboard; sourceTree = "<group>"; };
		D7CA2AC41E690A44003B138C /* Info.plist */ = {isa = PBXFileReference; lastKnownFileType = text.plist.xml; path = Info.plist; sourceTree = "<group>"; };
		D7CA2AC91E690A44003B138C /* RoamTests.xctest */ = {isa = PBXFileReference; explicitFileType = wrapper.cfbundle; includeInIndex = 0; path = RoamTests.xctest; sourceTree = BUILT_PRODUCTS_DIR; };
		D7CA2ACD1E690A44003B138C /* RoamTests.m */ = {isa = PBXFileReference; lastKnownFileType = sourcecode.c.objc; path = RoamTests.m; sourceTree = "<group>"; };
		D7CA2ACF1E690A44003B138C /* Info.plist */ = {isa = PBXFileReference; lastKnownFileType = text.plist.xml; path = Info.plist; sourceTree = "<group>"; };
		D7CA2AD41E690A44003B138C /* RoamUITests.xctest */ = {isa = PBXFileReference; explicitFileType = wrapper.cfbundle; includeInIndex = 0; path = RoamUITests.xctest; sourceTree = BUILT_PRODUCTS_DIR; };
		D7CA2AD81E690A44003B138C /* RoamUITests.m */ = {isa = PBXFileReference; lastKnownFileType = sourcecode.c.objc; path = RoamUITests.m; sourceTree = "<group>"; };
		D7CA2ADA1E690A44003B138C /* Info.plist */ = {isa = PBXFileReference; lastKnownFileType = text.plist.xml; path = Info.plist; sourceTree = "<group>"; };
		D7F064EA1E7146BC0050B857 /* WHPopView.h */ = {isa = PBXFileReference; fileEncoding = 4; lastKnownFileType = sourcecode.c.h; path = WHPopView.h; sourceTree = "<group>"; };
		D7F064EB1E7146BC0050B857 /* WHPopView.m */ = {isa = PBXFileReference; fileEncoding = 4; lastKnownFileType = sourcecode.c.objc; path = WHPopView.m; sourceTree = "<group>"; };
		D7F064EE1E716F4D0050B857 /* ItemCell.h */ = {isa = PBXFileReference; fileEncoding = 4; lastKnownFileType = sourcecode.c.h; name = ItemCell.h; path = "Item Cell/ItemCell.h"; sourceTree = "<group>"; };
		D7F064EF1E716F4D0050B857 /* ItemCell.m */ = {isa = PBXFileReference; fileEncoding = 4; lastKnownFileType = sourcecode.c.objc; name = ItemCell.m; path = "Item Cell/ItemCell.m"; sourceTree = "<group>"; };
		D7F064F01E716F4D0050B857 /* ItemCell.xib */ = {isa = PBXFileReference; fileEncoding = 4; lastKnownFileType = file.xib; name = ItemCell.xib; path = "Item Cell/ItemCell.xib"; sourceTree = "<group>"; };
		D7F065391E7792C90050B857 /* WHDialogViewController.h */ = {isa = PBXFileReference; fileEncoding = 4; lastKnownFileType = sourcecode.c.h; name = WHDialogViewController.h; path = wHDialogViewController/WHDialogViewController.h; sourceTree = "<group>"; };
		D7F0653A1E7792C90050B857 /* WHDialogViewController.m */ = {isa = PBXFileReference; fileEncoding = 4; lastKnownFileType = sourcecode.c.objc; name = WHDialogViewController.m; path = wHDialogViewController/WHDialogViewController.m; sourceTree = "<group>"; };
		D7F065401E7A3C910050B857 /* CoreDataHelper.h */ = {isa = PBXFileReference; fileEncoding = 4; lastKnownFileType = sourcecode.c.h; name = CoreDataHelper.h; path = "Core Data/CoreDataHelper.h"; sourceTree = "<group>"; };
		D7F065411E7A3C910050B857 /* CoreDataHelper.m */ = {isa = PBXFileReference; fileEncoding = 4; lastKnownFileType = sourcecode.c.objc; name = CoreDataHelper.m; path = "Core Data/CoreDataHelper.m"; sourceTree = "<group>"; };
		D7F065431E7A3CF20050B857 /* CoreData.framework */ = {isa = PBXFileReference; lastKnownFileType = wrapper.framework; name = CoreData.framework; path = System/Library/Frameworks/CoreData.framework; sourceTree = SDKROOT; };
		D7F065461E7A82FC0050B857 /* Model.xcdatamodel */ = {isa = PBXFileReference; lastKnownFileType = wrapper.xcdatamodel; path = Model.xcdatamodel; sourceTree = "<group>"; };
		D7F0654A1E7CD9110050B857 /* SegmentViewController.h */ = {isa = PBXFileReference; fileEncoding = 4; lastKnownFileType = sourcecode.c.h; name = SegmentViewController.h; path = SegmentViewController/SegmentViewController.h; sourceTree = "<group>"; };
		D7F0654B1E7CD9110050B857 /* SegmentViewController.m */ = {isa = PBXFileReference; fileEncoding = 4; lastKnownFileType = sourcecode.c.objc; name = SegmentViewController.m; path = SegmentViewController/SegmentViewController.m; sourceTree = "<group>"; };
		D7F065511E8163030050B857 /* BookmarksViewController.h */ = {isa = PBXFileReference; fileEncoding = 4; lastKnownFileType = sourcecode.c.h; name = BookmarksViewController.h; path = BookmarksViewController/BookmarksViewController.h; sourceTree = "<group>"; };
		D7F065521E8163030050B857 /* BookmarksViewController.m */ = {isa = PBXFileReference; fileEncoding = 4; lastKnownFileType = sourcecode.c.objc; name = BookmarksViewController.m; path = BookmarksViewController/BookmarksViewController.m; sourceTree = "<group>"; };
		D7F065551E8166C70050B857 /* BookmarkCell.h */ = {isa = PBXFileReference; fileEncoding = 4; lastKnownFileType = sourcecode.c.h; path = BookmarkCell.h; sourceTree = "<group>"; };
		D7F065561E8166C70050B857 /* BookmarkCell.m */ = {isa = PBXFileReference; fileEncoding = 4; lastKnownFileType = sourcecode.c.objc; path = BookmarkCell.m; sourceTree = "<group>"; };
		D7F065591E83B64E0050B857 /* HistoryViewController.h */ = {isa = PBXFileReference; fileEncoding = 4; lastKnownFileType = sourcecode.c.h; name = HistoryViewController.h; path = HistoryViewController/HistoryViewController.h; sourceTree = "<group>"; };
		D7F0655A1E83B64E0050B857 /* HistoryViewController.m */ = {isa = PBXFileReference; fileEncoding = 4; lastKnownFileType = sourcecode.c.objc; name = HistoryViewController.m; path = HistoryViewController/HistoryViewController.m; sourceTree = "<group>"; };
		D7F0655D1E971D6C0050B857 /* MultitaskViewController.h */ = {isa = PBXFileReference; fileEncoding = 4; lastKnownFileType = sourcecode.c.h; name = MultitaskViewController.h; path = MultitaskViewController/MultitaskViewController.h; sourceTree = "<group>"; };
		D7F0655E1E971D6C0050B857 /* MultitaskViewController.m */ = {isa = PBXFileReference; fileEncoding = 4; lastKnownFileType = sourcecode.c.objc; name = MultitaskViewController.m; path = MultitaskViewController/MultitaskViewController.m; sourceTree = "<group>"; };
		D7F065611E971DB70050B857 /* LineLayout.h */ = {isa = PBXFileReference; fileEncoding = 4; lastKnownFileType = sourcecode.c.h; name = LineLayout.h; path = MultitaskViewController/LineLayout/LineLayout.h; sourceTree = "<group>"; };
		D7F065621E971DB70050B857 /* LineLayout.m */ = {isa = PBXFileReference; fileEncoding = 4; lastKnownFileType = sourcecode.c.objc; name = LineLayout.m; path = MultitaskViewController/LineLayout/LineLayout.m; sourceTree = "<group>"; };
		D7F0656C1E9884150050B857 /* WebViewCell.h */ = {isa = PBXFileReference; fileEncoding = 4; lastKnownFileType = sourcecode.c.h; name = WebViewCell.h; path = MultitaskViewController/WebViewCell/WebViewCell.h; sourceTree = "<group>"; };
		D7F0656D1E9884150050B857 /* WebViewCell.m */ = {isa = PBXFileReference; fileEncoding = 4; lastKnownFileType = sourcecode.c.objc; name = WebViewCell.m; path = MultitaskViewController/WebViewCell/WebViewCell.m; sourceTree = "<group>"; };
		D7F065701E9A11790050B857 /* WebViewManager.h */ = {isa = PBXFileReference; fileEncoding = 4; lastKnownFileType = sourcecode.c.h; name = WebViewManager.h; path = WebViewManager/WebViewManager.h; sourceTree = "<group>"; };
		D7F065711E9A11790050B857 /* WebViewManager.m */ = {isa = PBXFileReference; fileEncoding = 4; lastKnownFileType = sourcecode.c.objc; name = WebViewManager.m; path = WebViewManager/WebViewManager.m; sourceTree = "<group>"; };
/* End PBXFileReference section */

/* Begin PBXFrameworksBuildPhase section */
		D7CA2AAD1E690A44003B138C /* Frameworks */ = {
			isa = PBXFrameworksBuildPhase;
			buildActionMask = 2147483647;
			files = (
				D7F065441E7A3CF20050B857 /* CoreData.framework in Frameworks */,
				79C55A619D6768BB869EE101 /* Pods_Roam.framework in Frameworks */,
			);
			runOnlyForDeploymentPostprocessing = 0;
		};
		D7CA2AC61E690A44003B138C /* Frameworks */ = {
			isa = PBXFrameworksBuildPhase;
			buildActionMask = 2147483647;
			files = (
			);
			runOnlyForDeploymentPostprocessing = 0;
		};
		D7CA2AD11E690A44003B138C /* Frameworks */ = {
			isa = PBXFrameworksBuildPhase;
			buildActionMask = 2147483647;
			files = (
			);
			runOnlyForDeploymentPostprocessing = 0;
		};
/* End PBXFrameworksBuildPhase section */

/* Begin PBXGroup section */
		0DEFEB306C0FD8907BF5E0F0 /* Frameworks */ = {
			isa = PBXGroup;
			children = (
				D7F065431E7A3CF20050B857 /* CoreData.framework */,
				0483571199241373B49CCFBA /* Pods_Roam.framework */,
			);
			name = Frameworks;
			sourceTree = "<group>";
		};
		13B0A95DF6DBE97556765949 /* Pods */ = {
			isa = PBXGroup;
			children = (
				8E548D499CDE5C0D2559F5FD /* Pods-Roam.debug.xcconfig */,
				82686AAB57F448526042A93C /* Pods-Roam.release.xcconfig */,
			);
			name = Pods;
			sourceTree = "<group>";
		};
		D78FC3091E9A1FE700D5EF2B /* RootViewController */ = {
			isa = PBXGroup;
			children = (
				D78FC30D1E9A201900D5EF2B /* RootViewController.h */,
				D78FC30E1E9A201900D5EF2B /* RootViewController.m */,
			);
			name = RootViewController;
			sourceTree = "<group>";
		};
		D78FC3101E9A773800D5EF2B /* WHScreen */ = {
			isa = PBXGroup;
			children = (
				D78FC3111E9A776600D5EF2B /* WHScreen.h */,
				D78FC3121E9A776600D5EF2B /* WHScreen.m */,
			);
			name = WHScreen;
			sourceTree = "<group>";
		};
		D78FC3141E9C822500D5EF2B /* NaivgationController */ = {
			isa = PBXGroup;
			children = (
				D78FC3151E9C825300D5EF2B /* NavigationController.h */,
				D78FC3161E9C825300D5EF2B /* NavigationController.m */,
			);
			name = NaivgationController;
			sourceTree = "<group>";
		};
		D78FC3181E9CCAB100D5EF2B /* SettingsViewController */ = {
			isa = PBXGroup;
			children = (
				D78FC3201E9E0EA000D5EF2B /* SettingsViewController.h */,
				D78FC3211E9E0EA000D5EF2B /* SettingsViewController.m */,
			);
			name = SettingsViewController;
			sourceTree = "<group>";
		};
		D78FC3251E9E26AA00D5EF2B /* NightModeView */ = {
			isa = PBXGroup;
			children = (
				D78FC3261E9E26D600D5EF2B /* NightModeView.h */,
				D78FC3271E9E26D600D5EF2B /* NightModeView.m */,
			);
			name = NightModeView;
			sourceTree = "<group>";
		};
		D7CA2AA71E690A44003B138C = {
			isa = PBXGroup;
			children = (
				D7CA2AB21E690A44003B138C /* Roam */,
				D7CA2ACC1E690A44003B138C /* RoamTests */,
				D7CA2AD71E690A44003B138C /* RoamUITests */,
				D7CA2AB11E690A44003B138C /* Products */,
				13B0A95DF6DBE97556765949 /* Pods */,
				0DEFEB306C0FD8907BF5E0F0 /* Frameworks */,
			);
			sourceTree = "<group>";
		};
		D7CA2AB11E690A44003B138C /* Products */ = {
			isa = PBXGroup;
			children = (
				D7CA2AB01E690A44003B138C /* Roam.app */,
				D7CA2AC91E690A44003B138C /* RoamTests.xctest */,
				D7CA2AD41E690A44003B138C /* RoamUITests.xctest */,
			);
			name = Products;
			sourceTree = "<group>";
		};
		D7CA2AB21E690A44003B138C /* Roam */ = {
			isa = PBXGroup;
			children = (
				D78FC3251E9E26AA00D5EF2B /* NightModeView */,
				D78FC3181E9CCAB100D5EF2B /* SettingsViewController */,
				D78FC3101E9A773800D5EF2B /* WHScreen */,
				D78FC3141E9C822500D5EF2B /* NaivgationController */,
				D78FC3091E9A1FE700D5EF2B /* RootViewController */,
				D7F0656F1E9A11340050B857 /* WebViewsManager */,
				D7F0655C1E971D210050B857 /* MultitaskViewController */,
				D7F065581E83B5FC0050B857 /* HistoryViewController */,
				D7F0654D1E8162B20050B857 /* BookmarksViewController */,
				D7F065491E7CD8690050B857 /* SegmentViewController */,
				D7F0653C1E7A3C000050B857 /* Core Data */,
				D7F065381E7791980050B857 /* WHDialogViewController */,
				D7F064E91E7146A30050B857 /* Pop View */,
				D7CA2AB61E690A44003B138C /* AppDelegate.h */,
				D7CA2AB71E690A44003B138C /* AppDelegate.m */,
				D7CA2AB91E690A44003B138C /* WebViewController.h */,
				D7CA2ABA1E690A44003B138C /* WebViewController.m */,
				D7CA2ABC1E690A44003B138C /* Main.storyboard */,
				D7F065451E7A82FC0050B857 /* Model.xcdatamodeld */,
				D7CA2ABF1E690A44003B138C /* Assets.xcassets */,
				D7CA2AC11E690A44003B138C /* LaunchScreen.storyboard */,
				D7CA2AC41E690A44003B138C /* Info.plist */,
				D7CA2AB31E690A44003B138C /* Supporting Files */,
			);
			path = Roam;
			sourceTree = "<group>";
		};
		D7CA2AB31E690A44003B138C /* Supporting Files */ = {
			isa = PBXGroup;
			children = (
				D7CA2AB41E690A44003B138C /* main.m */,
			);
			name = "Supporting Files";
			sourceTree = "<group>";
		};
		D7CA2ACC1E690A44003B138C /* RoamTests */ = {
			isa = PBXGroup;
			children = (
				D7CA2ACD1E690A44003B138C /* RoamTests.m */,
				D7CA2ACF1E690A44003B138C /* Info.plist */,
			);
			path = RoamTests;
			sourceTree = "<group>";
		};
		D7CA2AD71E690A44003B138C /* RoamUITests */ = {
			isa = PBXGroup;
			children = (
				D7CA2AD81E690A44003B138C /* RoamUITests.m */,
				D7CA2ADA1E690A44003B138C /* Info.plist */,
			);
			path = RoamUITests;
			sourceTree = "<group>";
		};
		D7F064E91E7146A30050B857 /* Pop View */ = {
			isa = PBXGroup;
			children = (
				D7F064EA1E7146BC0050B857 /* WHPopView.h */,
				D7F064EB1E7146BC0050B857 /* WHPopView.m */,
				D7F064ED1E716F0D0050B857 /* Item Cell */,
			);
			name = "Pop View";
			sourceTree = "<group>";
		};
		D7F064ED1E716F0D0050B857 /* Item Cell */ = {
			isa = PBXGroup;
			children = (
				D7F064EE1E716F4D0050B857 /* ItemCell.h */,
				D7F064EF1E716F4D0050B857 /* ItemCell.m */,
				D7F064F01E716F4D0050B857 /* ItemCell.xib */,
			);
			name = "Item Cell";
			sourceTree = "<group>";
		};
		D7F065381E7791980050B857 /* WHDialogViewController */ = {
			isa = PBXGroup;
			children = (
				D7F065391E7792C90050B857 /* WHDialogViewController.h */,
				D7F0653A1E7792C90050B857 /* WHDialogViewController.m */,
			);
			name = WHDialogViewController;
			sourceTree = "<group>";
		};
		D7F0653C1E7A3C000050B857 /* Core Data */ = {
			isa = PBXGroup;
			children = (
				D7F065401E7A3C910050B857 /* CoreDataHelper.h */,
				D7F065411E7A3C910050B857 /* CoreDataHelper.m */,
			);
			name = "Core Data";
			sourceTree = "<group>";
		};
		D7F065491E7CD8690050B857 /* SegmentViewController */ = {
			isa = PBXGroup;
			children = (
				D7F0654A1E7CD9110050B857 /* SegmentViewController.h */,
				D7F0654B1E7CD9110050B857 /* SegmentViewController.m */,
			);
			name = SegmentViewController;
			sourceTree = "<group>";
		};
		D7F0654D1E8162B20050B857 /* BookmarksViewController */ = {
			isa = PBXGroup;
			children = (
				D7F065541E8166A30050B857 /* BookmarkCell */,
				D7F065511E8163030050B857 /* BookmarksViewController.h */,
				D7F065521E8163030050B857 /* BookmarksViewController.m */,
			);
			name = BookmarksViewController;
			sourceTree = "<group>";
		};
		D7F065541E8166A30050B857 /* BookmarkCell */ = {
			isa = PBXGroup;
			children = (
				D7F065551E8166C70050B857 /* BookmarkCell.h */,
				D7F065561E8166C70050B857 /* BookmarkCell.m */,
			);
			name = BookmarkCell;
			sourceTree = "<group>";
		};
		D7F065581E83B5FC0050B857 /* HistoryViewController */ = {
			isa = PBXGroup;
			children = (
				D7F065591E83B64E0050B857 /* HistoryViewController.h */,
				D7F0655A1E83B64E0050B857 /* HistoryViewController.m */,
			);
			name = HistoryViewController;
			sourceTree = "<group>";
		};
		D7F0655C1E971D210050B857 /* MultitaskViewController */ = {
			isa = PBXGroup;
			children = (
				D7F0656B1E9883E90050B857 /* WebViewCell */,
				D7F065601E971D750050B857 /* LineLayout */,
				D7F0655D1E971D6C0050B857 /* MultitaskViewController.h */,
				D7F0655E1E971D6C0050B857 /* MultitaskViewController.m */,
			);
			name = MultitaskViewController;
			sourceTree = "<group>";
		};
		D7F065601E971D750050B857 /* LineLayout */ = {
			isa = PBXGroup;
			children = (
				D7F065611E971DB70050B857 /* LineLayout.h */,
				D7F065621E971DB70050B857 /* LineLayout.m */,
			);
			name = LineLayout;
			sourceTree = "<group>";
		};
		D7F0656B1E9883E90050B857 /* WebViewCell */ = {
			isa = PBXGroup;
			children = (
				D7F0656C1E9884150050B857 /* WebViewCell.h */,
				D7F0656D1E9884150050B857 /* WebViewCell.m */,
			);
			name = WebViewCell;
			sourceTree = "<group>";
		};
		D7F0656F1E9A11340050B857 /* WebViewsManager */ = {
			isa = PBXGroup;
			children = (
				D7F065701E9A11790050B857 /* WebViewManager.h */,
				D7F065711E9A11790050B857 /* WebViewManager.m */,
			);
			name = WebViewsManager;
			sourceTree = "<group>";
		};
/* End PBXGroup section */

/* Begin PBXNativeTarget section */
		D7CA2AAF1E690A44003B138C /* Roam */ = {
			isa = PBXNativeTarget;
			buildConfigurationList = D7CA2ADD1E690A44003B138C /* Build configuration list for PBXNativeTarget "Roam" */;
			buildPhases = (
				5EF240805B431E1FC0D79571 /* [CP] Check Pods Manifest.lock */,
				D7CA2AAC1E690A44003B138C /* Sources */,
				D7CA2AAD1E690A44003B138C /* Frameworks */,
				D7CA2AAE1E690A44003B138C /* Resources */,
				A36B4C82DE826FCBAAF132CC /* [CP] Embed Pods Frameworks */,
				A13D25AD8E9C2B224624DDE1 /* [CP] Copy Pods Resources */,
			);
			buildRules = (
			);
			dependencies = (
			);
			name = Roam;
			productName = Roam;
			productReference = D7CA2AB01E690A44003B138C /* Roam.app */;
			productType = "com.apple.product-type.application";
		};
		D7CA2AC81E690A44003B138C /* RoamTests */ = {
			isa = PBXNativeTarget;
			buildConfigurationList = D7CA2AE01E690A44003B138C /* Build configuration list for PBXNativeTarget "RoamTests" */;
			buildPhases = (
				D7CA2AC51E690A44003B138C /* Sources */,
				D7CA2AC61E690A44003B138C /* Frameworks */,
				D7CA2AC71E690A44003B138C /* Resources */,
			);
			buildRules = (
			);
			dependencies = (
				D7CA2ACB1E690A44003B138C /* PBXTargetDependency */,
			);
			name = RoamTests;
			productName = RoamTests;
			productReference = D7CA2AC91E690A44003B138C /* RoamTests.xctest */;
			productType = "com.apple.product-type.bundle.unit-test";
		};
		D7CA2AD31E690A44003B138C /* RoamUITests */ = {
			isa = PBXNativeTarget;
			buildConfigurationList = D7CA2AE31E690A44003B138C /* Build configuration list for PBXNativeTarget "RoamUITests" */;
			buildPhases = (
				D7CA2AD01E690A44003B138C /* Sources */,
				D7CA2AD11E690A44003B138C /* Frameworks */,
				D7CA2AD21E690A44003B138C /* Resources */,
			);
			buildRules = (
			);
			dependencies = (
				D7CA2AD61E690A44003B138C /* PBXTargetDependency */,
			);
			name = RoamUITests;
			productName = RoamUITests;
			productReference = D7CA2AD41E690A44003B138C /* RoamUITests.xctest */;
			productType = "com.apple.product-type.bundle.ui-testing";
		};
/* End PBXNativeTarget section */

/* Begin PBXProject section */
		D7CA2AA81E690A44003B138C /* Project object */ = {
			isa = PBXProject;
			attributes = {
				LastUpgradeCheck = 0820;
				ORGANIZATIONNAME = "黄文鸿";
				TargetAttributes = {
					D7CA2AAF1E690A44003B138C = {
						CreatedOnToolsVersion = 8.2.1;
						DevelopmentTeam = E3M3E392L4;
						ProvisioningStyle = Automatic;
					};
					D7CA2AC81E690A44003B138C = {
						CreatedOnToolsVersion = 8.2.1;
						ProvisioningStyle = Automatic;
						TestTargetID = D7CA2AAF1E690A44003B138C;
					};
					D7CA2AD31E690A44003B138C = {
						CreatedOnToolsVersion = 8.2.1;
						ProvisioningStyle = Automatic;
						TestTargetID = D7CA2AAF1E690A44003B138C;
					};
				};
			};
			buildConfigurationList = D7CA2AAB1E690A44003B138C /* Build configuration list for PBXProject "Roam" */;
			compatibilityVersion = "Xcode 3.2";
			developmentRegion = English;
			hasScannedForEncodings = 0;
			knownRegions = (
				en,
				Base,
			);
			mainGroup = D7CA2AA71E690A44003B138C;
			productRefGroup = D7CA2AB11E690A44003B138C /* Products */;
			projectDirPath = "";
			projectRoot = "";
			targets = (
				D7CA2AAF1E690A44003B138C /* Roam */,
				D7CA2AC81E690A44003B138C /* RoamTests */,
				D7CA2AD31E690A44003B138C /* RoamUITests */,
			);
		};
/* End PBXProject section */

/* Begin PBXResourcesBuildPhase section */
		D7CA2AAE1E690A44003B138C /* Resources */ = {
			isa = PBXResourcesBuildPhase;
			buildActionMask = 2147483647;
			files = (
				D7F064F21E716F4D0050B857 /* ItemCell.xib in Resources */,
				D7CA2AC31E690A44003B138C /* LaunchScreen.storyboard in Resources */,
				D7CA2AC01E690A44003B138C /* Assets.xcassets in Resources */,
				D7CA2ABE1E690A44003B138C /* Main.storyboard in Resources */,
			);
			runOnlyForDeploymentPostprocessing = 0;
		};
		D7CA2AC71E690A44003B138C /* Resources */ = {
			isa = PBXResourcesBuildPhase;
			buildActionMask = 2147483647;
			files = (
			);
			runOnlyForDeploymentPostprocessing = 0;
		};
		D7CA2AD21E690A44003B138C /* Resources */ = {
			isa = PBXResourcesBuildPhase;
			buildActionMask = 2147483647;
			files = (
			);
			runOnlyForDeploymentPostprocessing = 0;
		};
/* End PBXResourcesBuildPhase section */

/* Begin PBXShellScriptBuildPhase section */
		5EF240805B431E1FC0D79571 /* [CP] Check Pods Manifest.lock */ = {
			isa = PBXShellScriptBuildPhase;
			buildActionMask = 2147483647;
			files = (
			);
			inputPaths = (
			);
			name = "[CP] Check Pods Manifest.lock";
			outputPaths = (
			);
			runOnlyForDeploymentPostprocessing = 0;
			shellPath = /bin/sh;
			shellScript = "diff \"${PODS_ROOT}/../Podfile.lock\" \"${PODS_ROOT}/Manifest.lock\" > /dev/null\nif [ $? != 0 ] ; then\n    # print error to STDERR\n    echo \"error: The sandbox is not in sync with the Podfile.lock. Run 'pod install' or update your CocoaPods installation.\" >&2\n    exit 1\nfi\n";
			showEnvVarsInLog = 0;
		};
		A13D25AD8E9C2B224624DDE1 /* [CP] Copy Pods Resources */ = {
			isa = PBXShellScriptBuildPhase;
			buildActionMask = 2147483647;
			files = (
			);
			inputPaths = (
			);
			name = "[CP] Copy Pods Resources";
			outputPaths = (
			);
			runOnlyForDeploymentPostprocessing = 0;
			shellPath = /bin/sh;
			shellScript = "\"${SRCROOT}/Pods/Target Support Files/Pods-Roam/Pods-Roam-resources.sh\"\n";
			showEnvVarsInLog = 0;
		};
		A36B4C82DE826FCBAAF132CC /* [CP] Embed Pods Frameworks */ = {
			isa = PBXShellScriptBuildPhase;
			buildActionMask = 2147483647;
			files = (
			);
			inputPaths = (
			);
			name = "[CP] Embed Pods Frameworks";
			outputPaths = (
			);
			runOnlyForDeploymentPostprocessing = 0;
			shellPath = /bin/sh;
			shellScript = "\"${SRCROOT}/Pods/Target Support Files/Pods-Roam/Pods-Roam-frameworks.sh\"\n";
			showEnvVarsInLog = 0;
		};
/* End PBXShellScriptBuildPhase section */

/* Begin PBXSourcesBuildPhase section */
		D7CA2AAC1E690A44003B138C /* Sources */ = {
			isa = PBXSourcesBuildPhase;
			buildActionMask = 2147483647;
			files = (
				D7F0654C1E7CD9110050B857 /* SegmentViewController.m in Sources */,
				D7F064F11E716F4D0050B857 /* ItemCell.m in Sources */,
				D78FC3171E9C825300D5EF2B /* NavigationController.m in Sources */,
				D7F065531E8163030050B857 /* BookmarksViewController.m in Sources */,
				D7CA2ABB1E690A44003B138C /* WebViewController.m in Sources */,
				D7F0655F1E971D6C0050B857 /* MultitaskViewController.m in Sources */,
				D7CA2AB81E690A44003B138C /* AppDelegate.m in Sources */,
				D78FC3231E9E0EA000D5EF2B /* SettingsViewController.m in Sources */,
				D7F065481E7A8C1E0050B857 /* Model.xcdatamodeld in Sources */,
				D7F065631E971DB70050B857 /* LineLayout.m in Sources */,
				D7F0653B1E7792C90050B857 /* WHDialogViewController.m in Sources */,
				D7F0656E1E9884150050B857 /* WebViewCell.m in Sources */,
				D78FC3131E9A776600D5EF2B /* WHScreen.m in Sources */,
				D7F0655B1E83B64E0050B857 /* HistoryViewController.m in Sources */,
				D7CA2AB51E690A44003B138C /* main.m in Sources */,
				D78FC3281E9E26D600D5EF2B /* NightModeView.m in Sources */,
				D78FC30F1E9A201900D5EF2B /* RootViewController.m in Sources */,
				D7F064EC1E7146BC0050B857 /* WHPopView.m in Sources */,
				D7F065571E8166C70050B857 /* BookmarkCell.m in Sources */,
				D7F065421E7A3C910050B857 /* CoreDataHelper.m in Sources */,
				D7F065721E9A11790050B857 /* WebViewManager.m in Sources */,
			);
			runOnlyForDeploymentPostprocessing = 0;
		};
		D7CA2AC51E690A44003B138C /* Sources */ = {
			isa = PBXSourcesBuildPhase;
			buildActionMask = 2147483647;
			files = (
				D7CA2ACE1E690A44003B138C /* RoamTests.m in Sources */,
			);
			runOnlyForDeploymentPostprocessing = 0;
		};
		D7CA2AD01E690A44003B138C /* Sources */ = {
			isa = PBXSourcesBuildPhase;
			buildActionMask = 2147483647;
			files = (
				D7CA2AD91E690A44003B138C /* RoamUITests.m in Sources */,
			);
			runOnlyForDeploymentPostprocessing = 0;
		};
/* End PBXSourcesBuildPhase section */

/* Begin PBXTargetDependency section */
		D7CA2ACB1E690A44003B138C /* PBXTargetDependency */ = {
			isa = PBXTargetDependency;
			target = D7CA2AAF1E690A44003B138C /* Roam */;
			targetProxy = D7CA2ACA1E690A44003B138C /* PBXContainerItemProxy */;
		};
		D7CA2AD61E690A44003B138C /* PBXTargetDependency */ = {
			isa = PBXTargetDependency;
			target = D7CA2AAF1E690A44003B138C /* Roam */;
			targetProxy = D7CA2AD51E690A44003B138C /* PBXContainerItemProxy */;
		};
/* End PBXTargetDependency section */

/* Begin PBXVariantGroup section */
		D7CA2ABC1E690A44003B138C /* Main.storyboard */ = {
			isa = PBXVariantGroup;
			children = (
				D7CA2ABD1E690A44003B138C /* Base */,
			);
			name = Main.storyboard;
			sourceTree = "<group>";
		};
		D7CA2AC11E690A44003B138C /* LaunchScreen.storyboard */ = {
			isa = PBXVariantGroup;
			children = (
				D7CA2AC21E690A44003B138C /* Base */,
			);
			name = LaunchScreen.storyboard;
			sourceTree = "<group>";
		};
/* End PBXVariantGroup section */

/* Begin XCBuildConfiguration section */
		D7CA2ADB1E690A44003B138C /* Debug */ = {
			isa = XCBuildConfiguration;
			buildSettings = {
				ALWAYS_SEARCH_USER_PATHS = NO;
				CLANG_ANALYZER_NONNULL = YES;
				CLANG_CXX_LANGUAGE_STANDARD = "gnu++0x";
				CLANG_CXX_LIBRARY = "libc++";
				CLANG_ENABLE_MODULES = YES;
				CLANG_ENABLE_OBJC_ARC = YES;
				CLANG_WARN_BOOL_CONVERSION = YES;
				CLANG_WARN_CONSTANT_CONVERSION = YES;
				CLANG_WARN_DIRECT_OBJC_ISA_USAGE = YES_ERROR;
				CLANG_WARN_DOCUMENTATION_COMMENTS = YES;
				CLANG_WARN_EMPTY_BODY = YES;
				CLANG_WARN_ENUM_CONVERSION = YES;
				CLANG_WARN_INFINITE_RECURSION = YES;
				CLANG_WARN_INT_CONVERSION = YES;
				CLANG_WARN_OBJC_ROOT_CLASS = YES_ERROR;
				CLANG_WARN_SUSPICIOUS_MOVE = YES;
				CLANG_WARN_UNREACHABLE_CODE = YES;
				CLANG_WARN__DUPLICATE_METHOD_MATCH = YES;
				"CODE_SIGN_IDENTITY[sdk=iphoneos*]" = "iPhone Developer";
				COPY_PHASE_STRIP = NO;
				DEBUG_INFORMATION_FORMAT = dwarf;
				ENABLE_STRICT_OBJC_MSGSEND = YES;
				ENABLE_TESTABILITY = YES;
				GCC_C_LANGUAGE_STANDARD = gnu99;
				GCC_DYNAMIC_NO_PIC = NO;
				GCC_NO_COMMON_BLOCKS = YES;
				GCC_OPTIMIZATION_LEVEL = 0;
				GCC_PREPROCESSOR_DEFINITIONS = (
					"DEBUG=1",
					"$(inherited)",
				);
				GCC_WARN_64_TO_32_BIT_CONVERSION = YES;
				GCC_WARN_ABOUT_RETURN_TYPE = YES_ERROR;
				GCC_WARN_UNDECLARED_SELECTOR = YES;
				GCC_WARN_UNINITIALIZED_AUTOS = YES_AGGRESSIVE;
				GCC_WARN_UNUSED_FUNCTION = YES;
				GCC_WARN_UNUSED_VARIABLE = YES;
				IPHONEOS_DEPLOYMENT_TARGET = 10.2;
				MTL_ENABLE_DEBUG_INFO = YES;
				ONLY_ACTIVE_ARCH = YES;
				SDKROOT = iphoneos;
			};
			name = Debug;
		};
		D7CA2ADC1E690A44003B138C /* Release */ = {
			isa = XCBuildConfiguration;
			buildSettings = {
				ALWAYS_SEARCH_USER_PATHS = NO;
				CLANG_ANALYZER_NONNULL = YES;
				CLANG_CXX_LANGUAGE_STANDARD = "gnu++0x";
				CLANG_CXX_LIBRARY = "libc++";
				CLANG_ENABLE_MODULES = YES;
				CLANG_ENABLE_OBJC_ARC = YES;
				CLANG_WARN_BOOL_CONVERSION = YES;
				CLANG_WARN_CONSTANT_CONVERSION = YES;
				CLANG_WARN_DIRECT_OBJC_ISA_USAGE = YES_ERROR;
				CLANG_WARN_DOCUMENTATION_COMMENTS = YES;
				CLANG_WARN_EMPTY_BODY = YES;
				CLANG_WARN_ENUM_CONVERSION = YES;
				CLANG_WARN_INFINITE_RECURSION = YES;
				CLANG_WARN_INT_CONVERSION = YES;
				CLANG_WARN_OBJC_ROOT_CLASS = YES_ERROR;
				CLANG_WARN_SUSPICIOUS_MOVE = YES;
				CLANG_WARN_UNREACHABLE_CODE = YES;
				CLANG_WARN__DUPLICATE_METHOD_MATCH = YES;
				"CODE_SIGN_IDENTITY[sdk=iphoneos*]" = "iPhone Developer";
				COPY_PHASE_STRIP = NO;
				DEBUG_INFORMATION_FORMAT = "dwarf-with-dsym";
				ENABLE_NS_ASSERTIONS = NO;
				ENABLE_STRICT_OBJC_MSGSEND = YES;
				GCC_C_LANGUAGE_STANDARD = gnu99;
				GCC_NO_COMMON_BLOCKS = YES;
				GCC_WARN_64_TO_32_BIT_CONVERSION = YES;
				GCC_WARN_ABOUT_RETURN_TYPE = YES_ERROR;
				GCC_WARN_UNDECLARED_SELECTOR = YES;
				GCC_WARN_UNINITIALIZED_AUTOS = YES_AGGRESSIVE;
				GCC_WARN_UNUSED_FUNCTION = YES;
				GCC_WARN_UNUSED_VARIABLE = YES;
				IPHONEOS_DEPLOYMENT_TARGET = 10.2;
				MTL_ENABLE_DEBUG_INFO = NO;
				SDKROOT = iphoneos;
				VALIDATE_PRODUCT = YES;
			};
			name = Release;
		};
		D7CA2ADE1E690A44003B138C /* Debug */ = {
			isa = XCBuildConfiguration;
			baseConfigurationReference = 8E548D499CDE5C0D2559F5FD /* Pods-Roam.debug.xcconfig */;
			buildSettings = {
				ASSETCATALOG_COMPILER_APPICON_NAME = AppIcon;
				DEVELOPMENT_TEAM = E3M3E392L4;
				INFOPLIST_FILE = Roam/Info.plist;
				IPHONEOS_DEPLOYMENT_TARGET = 8.0;
				LD_RUNPATH_SEARCH_PATHS = "$(inherited) @executable_path/Frameworks";
				PRODUCT_BUNDLE_IDENTIFIER = com.huangwenhong.Roam;
				PRODUCT_NAME = "$(TARGET_NAME)";
				TARGETED_DEVICE_FAMILY = 1;
			};
			name = Debug;
		};
		D7CA2ADF1E690A44003B138C /* Release */ = {
			isa = XCBuildConfiguration;
			baseConfigurationReference = 82686AAB57F448526042A93C /* Pods-Roam.release.xcconfig */;
			buildSettings = {
				ASSETCATALOG_COMPILER_APPICON_NAME = AppIcon;
				DEVELOPMENT_TEAM = E3M3E392L4;
				INFOPLIST_FILE = Roam/Info.plist;
				IPHONEOS_DEPLOYMENT_TARGET = 8.0;
				LD_RUNPATH_SEARCH_PATHS = "$(inherited) @executable_path/Frameworks";
				PRODUCT_BUNDLE_IDENTIFIER = com.huangwenhong.Roam;
				PRODUCT_NAME = "$(TARGET_NAME)";
				TARGETED_DEVICE_FAMILY = 1;
			};
			name = Release;
		};
		D7CA2AE11E690A44003B138C /* Debug */ = {
			isa = XCBuildConfiguration;
			buildSettings = {
				BUNDLE_LOADER = "$(TEST_HOST)";
				INFOPLIST_FILE = RoamTests/Info.plist;
				LD_RUNPATH_SEARCH_PATHS = "$(inherited) @executable_path/Frameworks @loader_path/Frameworks";
				PRODUCT_BUNDLE_IDENTIFIER = com.huangwenhong.RoamTests;
				PRODUCT_NAME = "$(TARGET_NAME)";
				TEST_HOST = "$(BUILT_PRODUCTS_DIR)/Roam.app/Roam";
			};
			name = Debug;
		};
		D7CA2AE21E690A44003B138C /* Release */ = {
			isa = XCBuildConfiguration;
			buildSettings = {
				BUNDLE_LOADER = "$(TEST_HOST)";
				INFOPLIST_FILE = RoamTests/Info.plist;
				LD_RUNPATH_SEARCH_PATHS = "$(inherited) @executable_path/Frameworks @loader_path/Frameworks";
				PRODUCT_BUNDLE_IDENTIFIER = com.huangwenhong.RoamTests;
				PRODUCT_NAME = "$(TARGET_NAME)";
				TEST_HOST = "$(BUILT_PRODUCTS_DIR)/Roam.app/Roam";
			};
			name = Release;
		};
		D7CA2AE41E690A44003B138C /* Debug */ = {
			isa = XCBuildConfiguration;
			buildSettings = {
				INFOPLIST_FILE = RoamUITests/Info.plist;
				LD_RUNPATH_SEARCH_PATHS = "$(inherited) @executable_path/Frameworks @loader_path/Frameworks";
				PRODUCT_BUNDLE_IDENTIFIER = com.huangwenhong.RoamUITests;
				PRODUCT_NAME = "$(TARGET_NAME)";
				TEST_TARGET_NAME = Roam;
			};
			name = Debug;
		};
		D7CA2AE51E690A44003B138C /* Release */ = {
			isa = XCBuildConfiguration;
			buildSettings = {
				INFOPLIST_FILE = RoamUITests/Info.plist;
				LD_RUNPATH_SEARCH_PATHS = "$(inherited) @executable_path/Frameworks @loader_path/Frameworks";
				PRODUCT_BUNDLE_IDENTIFIER = com.huangwenhong.RoamUITests;
				PRODUCT_NAME = "$(TARGET_NAME)";
				TEST_TARGET_NAME = Roam;
			};
			name = Release;
		};
/* End XCBuildConfiguration section */

/* Begin XCConfigurationList section */
		D7CA2AAB1E690A44003B138C /* Build configuration list for PBXProject "Roam" */ = {
			isa = XCConfigurationList;
			buildConfigurations = (
				D7CA2ADB1E690A44003B138C /* Debug */,
				D7CA2ADC1E690A44003B138C /* Release */,
			);
			defaultConfigurationIsVisible = 0;
			defaultConfigurationName = Release;
		};
		D7CA2ADD1E690A44003B138C /* Build configuration list for PBXNativeTarget "Roam" */ = {
			isa = XCConfigurationList;
			buildConfigurations = (
				D7CA2ADE1E690A44003B138C /* Debug */,
				D7CA2ADF1E690A44003B138C /* Release */,
			);
			defaultConfigurationIsVisible = 0;
			defaultConfigurationName = Release;
		};
		D7CA2AE01E690A44003B138C /* Build configuration list for PBXNativeTarget "RoamTests" */ = {
			isa = XCConfigurationList;
			buildConfigurations = (
				D7CA2AE11E690A44003B138C /* Debug */,
				D7CA2AE21E690A44003B138C /* Release */,
			);
			defaultConfigurationIsVisible = 0;
			defaultConfigurationName = Release;
		};
		D7CA2AE31E690A44003B138C /* Build configuration list for PBXNativeTarget "RoamUITests" */ = {
			isa = XCConfigurationList;
			buildConfigurations = (
				D7CA2AE41E690A44003B138C /* Debug */,
				D7CA2AE51E690A44003B138C /* Release */,
			);
			defaultConfigurationIsVisible = 0;
			defaultConfigurationName = Release;
		};
/* End XCConfigurationList section */

/* Begin XCVersionGroup section */
		D7F065451E7A82FC0050B857 /* Model.xcdatamodeld */ = {
			isa = XCVersionGroup;
			children = (
				D7F065461E7A82FC0050B857 /* Model.xcdatamodel */,
			);
			currentVersion = D7F065461E7A82FC0050B857 /* Model.xcdatamodel */;
			path = Model.xcdatamodeld;
			sourceTree = "<group>";
			versionGroupType = wrapper.xcdatamodel;
		};
/* End XCVersionGroup section */
	};
	rootObject = D7CA2AA81E690A44003B138C /* Project object */;
}
